
Microsoft Visual Studio Solution File, Format Version 12.00
# Visual Studio Version 17
VisualStudioVersion = 17.11.35312.102
MinimumVisualStudioVersion = 10.0.40219.1
Project("{FAE04EC0-301F-11D3-BF4B-00C04F79EFBC}") = "01_MainSubjects", "01_MainSubjects\01_MainSubjects.csproj", "{88639F45-A19C-4DB0-83AC-D1979B431D2E}"
EndProject
Global
	GlobalSection(SolutionConfigurationPlatforms) = preSolution
		Debug|Any CPU = Debug|Any CPU
		Release|Any CPU = Release|Any CPU
	EndGlobalSection
	GlobalSection(ProjectConfigurationPlatforms) = postSolution
		{88639F45-A19C-4DB0-83AC-D1979B431D2E}.Debug|Any CPU.ActiveCfg = Debug|Any CPU
		{88639F45-A19C-4DB0-83AC-D1979B431D2E}.Debug|Any CPU.Build.0 = Debug|Any CPU
		{88639F45-A19C-4DB0-83AC-D1979B431D2E}.Release|Any CPU.ActiveCfg = Release|Any CPU
		{88639F45-A19C-4DB0-83AC-D1979B431D2E}.Release|Any CPU.Build.0 = Release|Any CPU
	EndGlobalSection
	GlobalSection(SolutionProperties) = preSolution
		HideSolutionNode = FALSE
	EndGlobalSection
	GlobalSection(ExtensibilityGlobals) = postSolution
		SolutionGuid = {3AD10777-D7B3-426F-9FAA-65EAA220C77D}
	EndGlobalSection
EndGlobal
